
Microsoft Visual Studio Solution File, Format Version 12.00
# Visual Studio Version 16
VisualStudioVersion = 16.0.29324.140
MinimumVisualStudioVersion = 10.0.40219.1
Project("{FAE04EC0-301F-11D3-BF4B-00C04F79EFBC}") = "SUMA", "SUMA\SUMA.csproj", "{04235851-AE63-4D16-95F9-A2A8009CFE9D}"
EndProject
Global
	GlobalSection(SolutionConfigurationPlatforms) = preSolution
		Debug|Any CPU = Debug|Any CPU
		Release|Any CPU = Release|Any CPU
	EndGlobalSection
	GlobalSection(ProjectConfigurationPlatforms) = postSolution
		{04235851-AE63-4D16-95F9-A2A8009CFE9D}.Debug|Any CPU.ActiveCfg = Debug|Any CPU
		{04235851-AE63-4D16-95F9-A2A8009CFE9D}.Debug|Any CPU.Build.0 = Debug|Any CPU
		{04235851-AE63-4D16-95F9-A2A8009CFE9D}.Release|Any CPU.ActiveCfg = Release|Any CPU
		{04235851-AE63-4D16-95F9-A2A8009CFE9D}.Release|Any CPU.Build.0 = Release|Any CPU
	EndGlobalSection
	GlobalSection(SolutionProperties) = preSolution
		HideSolutionNode = FALSE
	EndGlobalSection
	GlobalSection(ExtensibilityGlobals) = postSolution
		SolutionGuid = {D212434D-50A7-4E27-BAE6-88FAD58F442C}
	EndGlobalSection
EndGlobal
