
Microsoft Visual Studio Solution File, Format Version 12.00
# Visual Studio Version 17
VisualStudioVersion = 17.4.33213.308
MinimumVisualStudioVersion = 10.0.40219.1
Project("{FAE04EC0-301F-11D3-BF4B-00C04F79EFBC}") = "Laboratorium3", "Laboratorium3\Laboratorium3.csproj", "{9398BA8C-365A-4136-8115-9053CDC391C2}"
EndProject
Global
	GlobalSection(SolutionConfigurationPlatforms) = preSolution
		Debug|Any CPU = Debug|Any CPU
		Release|Any CPU = Release|Any CPU
	EndGlobalSection
	GlobalSection(ProjectConfigurationPlatforms) = postSolution
		{9398BA8C-365A-4136-8115-9053CDC391C2}.Debug|Any CPU.ActiveCfg = Debug|Any CPU
		{9398BA8C-365A-4136-8115-9053CDC391C2}.Debug|Any CPU.Build.0 = Debug|Any CPU
		{9398BA8C-365A-4136-8115-9053CDC391C2}.Release|Any CPU.ActiveCfg = Release|Any CPU
		{9398BA8C-365A-4136-8115-9053CDC391C2}.Release|Any CPU.Build.0 = Release|Any CPU
	EndGlobalSection
	GlobalSection(SolutionProperties) = preSolution
		HideSolutionNode = FALSE
	EndGlobalSection
	GlobalSection(ExtensibilityGlobals) = postSolution
		SolutionGuid = {68C91899-66A5-4D82-AA9E-76C4A820C91A}
	EndGlobalSection
EndGlobal
